
Microsoft Visual Studio Solution File, Format Version 12.00
# Visual Studio Version 17
VisualStudioVersion = 17.11.35327.3
MinimumVisualStudioVersion = 10.0.40219.1
Project("{9A19103F-16F7-4668-BE54-9A1E7A4F7556}") = "FurniroomAPI", "FurniroomAPI\FurniroomAPI.csproj", "{CD4933B7-B911-4B69-A1AC-ED862ACF98E8}"
EndProject
Global
	GlobalSection(SolutionConfigurationPlatforms) = preSolution
		Debug|Any CPU = Debug|Any CPU
		Release|Any CPU = Release|Any CPU
	EndGlobalSection
	GlobalSection(ProjectConfigurationPlatforms) = postSolution
		{CD4933B7-B911-4B69-A1AC-ED862ACF98E8}.Debug|Any CPU.ActiveCfg = Debug|Any CPU
		{CD4933B7-B911-4B69-A1AC-ED862ACF98E8}.Debug|Any CPU.Build.0 = Debug|Any CPU
		{CD4933B7-B911-4B69-A1AC-ED862ACF98E8}.Release|Any CPU.ActiveCfg = Release|Any CPU
		{CD4933B7-B911-4B69-A1AC-ED862ACF98E8}.Release|Any CPU.Build.0 = Release|Any CPU
	EndGlobalSection
	GlobalSection(SolutionProperties) = preSolution
		HideSolutionNode = FALSE
	EndGlobalSection
	GlobalSection(ExtensibilityGlobals) = postSolution
		SolutionGuid = {07ADEB46-33AB-454D-BEAF-DFCCBE90E83F}
	EndGlobalSection
EndGlobal
